// !$*UTF8*$!
{
	archiveVersion = 1;
	classes = {
	};
	objectVersion = 55;
	objects = {

/* Begin PBXBuildFile section */
		42C73E8D2787F26A00272EBD /* AppDelegate.swift in Sources */ = {isa = PBXBuildFile; fileRef = 42C73E8C2787F26A00272EBD /* AppDelegate.swift */; };
		42C73E8F2787F26A00272EBD /* SceneDelegate.swift in Sources */ = {isa = PBXBuildFile; fileRef = 42C73E8E2787F26A00272EBD /* SceneDelegate.swift */; };
		42C73E912787F26A00272EBD /* ViewController.swift in Sources */ = {isa = PBXBuildFile; fileRef = 42C73E902787F26A00272EBD /* ViewController.swift */; };
		42C73E942787F26A00272EBD /* Main.storyboard in Resources */ = {isa = PBXBuildFile; fileRef = 42C73E922787F26A00272EBD /* Main.storyboard */; };
		42C73E962787F26B00272EBD /* Assets.xcassets in Resources */ = {isa = PBXBuildFile; fileRef = 42C73E952787F26B00272EBD /* Assets.xcassets */; };
		42C73E992787F26B00272EBD /* LaunchScreen.storyboard in Resources */ = {isa = PBXBuildFile; fileRef = 42C73E972787F26B00272EBD /* LaunchScreen.storyboard */; };
		42C73EA42787F50100272EBD /* GameScene.sks in Resources */ = {isa = PBXBuildFile; fileRef = 42C73EA32787F50100272EBD /* GameScene.sks */; };
		42C73EA62787F51200272EBD /* GameScene.swift in Sources */ = {isa = PBXBuildFile; fileRef = 42C73EA52787F51200272EBD /* GameScene.swift */; };
/* End PBXBuildFile section */

/* Begin PBXFileReference section */
		42C73E892787F26A00272EBD /* PathBasedControl.app */ = {isa = PBXFileReference; explicitFileType = wrapper.application; includeInIndex = 0; path = PathBasedControl.app; sourceTree = BUILT_PRODUCTS_DIR; };
		42C73E8C2787F26A00272EBD /* AppDelegate.swift */ = {isa = PBXFileReference; lastKnownFileType = sourcecode.swift; path = AppDelegate.swift; sourceTree = "<group>"; };
		42C73E8E2787F26A00272EBD /* SceneDelegate.swift */ = {isa = PBXFileReference; lastKnownFileType = sourcecode.swift; path = SceneDelegate.swift; sourceTree = "<group>"; };
		42C73E902787F26A00272EBD /* ViewController.swift */ = {isa = PBXFileReference; lastKnownFileType = sourcecode.swift; path = ViewController.swift; sourceTree = "<group>"; };
		42C73E932787F26A00272EBD /* Base */ = {isa = PBXFileReference; lastKnownFileType = file.storyboard; name = Base; path = Base.lproj/Main.storyboard; sourceTree = "<group>"; };
		42C73E952787F26B00272EBD /* Assets.xcassets */ = {isa = PBXFileReference; lastKnownFileType = folder.assetcatalog; path = Assets.xcassets; sourceTree = "<group>"; };
		42C73E982787F26B00272EBD /* Base */ = {isa = PBXFileReference; lastKnownFileType = file.storyboard; name = Base; path = Base.lproj/LaunchScreen.storyboard; sourceTree = "<group>"; };
		42C73E9A2787F26B00272EBD /* Info.plist */ = {isa = PBXFileReference; lastKnownFileType = text.plist.xml; path = Info.plist; sourceTree = "<group>"; };
		42C73EA32787F50100272EBD /* GameScene.sks */ = {isa = PBXFileReference; lastKnownFileType = file.sks; path = GameScene.sks; sourceTree = "<group>"; };
		42C73EA52787F51200272EBD /* GameScene.swift */ = {isa = PBXFileReference; lastKnownFileType = sourcecode.swift; path = GameScene.swift; sourceTree = "<group>"; };
/* End PBXFileReference section */

/* Begin PBXFrameworksBuildPhase section */
		42C73E862787F26A00272EBD /* Frameworks */ = {
			isa = PBXFrameworksBuildPhase;
			buildActionMask = 2147483647;
			files = (
			);
			runOnlyForDeploymentPostprocessing = 0;
		};
/* End PBXFrameworksBuildPhase section */

/* Begin PBXGroup section */
		42C73E802787F26A00272EBD = {
			isa = PBXGroup;
			children = (
				42C73E8B2787F26A00272EBD /* PathBasedControl */,
				42C73E8A2787F26A00272EBD /* Products */,
			);
			sourceTree = "<group>";
		};
		42C73E8A2787F26A00272EBD /* Products */ = {
			isa = PBXGroup;
			children = (
				42C73E892787F26A00272EBD /* PathBasedControl.app */,
			);
			name = Products;
			sourceTree = "<group>";
		};
		42C73E8B2787F26A00272EBD /* PathBasedControl */ = {
			isa = PBXGroup;
			children = (
				42C73EA22787F29100272EBD /* GameScenes */,
				42C73EA12787F28800272EBD /* ViewControllers */,
				42C73EA02787F27C00272EBD /* Supports */,
				42C73E922787F26A00272EBD /* Main.storyboard */,
				42C73E952787F26B00272EBD /* Assets.xcassets */,
				42C73E9A2787F26B00272EBD /* Info.plist */,
			);
			path = PathBasedControl;
			sourceTree = "<group>";
		};
		42C73EA02787F27C00272EBD /* Supports */ = {
			isa = PBXGroup;
			children = (
				42C73E8C2787F26A00272EBD /* AppDelegate.swift */,
				42C73E8E2787F26A00272EBD /* SceneDelegate.swift */,
				42C73E972787F26B00272EBD /* LaunchScreen.storyboard */,
			);
			path = Supports;
			sourceTree = "<group>";
		};
		42C73EA12787F28800272EBD /* ViewControllers */ = {
			isa = PBXGroup;
			children = (
				42C73E902787F26A00272EBD /* ViewController.swift */,
			);
			path = ViewControllers;
			sourceTree = "<group>";
		};
		42C73EA22787F29100272EBD /* GameScenes */ = {
			isa = PBXGroup;
			children = (
				42C73EA32787F50100272EBD /* GameScene.sks */,
				42C73EA52787F51200272EBD /* GameScene.swift */,
			);
			path = GameScenes;
			sourceTree = "<group>";
		};
/* End PBXGroup section */

/* Begin PBXNativeTarget section */
		42C73E882787F26A00272EBD /* PathBasedControl */ = {
			isa = PBXNativeTarget;
			buildConfigurationList = 42C73E9D2787F26B00272EBD /* Build configuration list for PBXNativeTarget "PathBasedControl" */;
			buildPhases = (
				42C73E852787F26A00272EBD /* Sources */,
				42C73E862787F26A00272EBD /* Frameworks */,
				42C73E872787F26A00272EBD /* Resources */,
			);
			buildRules = (
			);
			dependencies = (
			);
			name = PathBasedControl;
			productName = PathBasedControl;
			productReference = 42C73E892787F26A00272EBD /* PathBasedControl.app */;
			productType = "com.apple.product-type.application";
		};
/* End PBXNativeTarget section */

/* Begin PBXProject section */
		42C73E812787F26A00272EBD /* Project object */ = {
			isa = PBXProject;
			attributes = {
				BuildIndependentTargetsInParallel = 1;
				LastSwiftUpdateCheck = 1320;
				LastUpgradeCheck = 1320;
				TargetAttributes = {
					42C73E882787F26A00272EBD = {
						CreatedOnToolsVersion = 13.2.1;
					};
				};
			};
			buildConfigurationList = 42C73E842787F26A00272EBD /* Build configuration list for PBXProject "PathBasedControl" */;
			compatibilityVersion = "Xcode 13.0";
			developmentRegion = en;
			hasScannedForEncodings = 0;
			knownRegions = (
				en,
				Base,
			);
			mainGroup = 42C73E802787F26A00272EBD;
			productRefGroup = 42C73E8A2787F26A00272EBD /* Products */;
			projectDirPath = "";
			projectRoot = "";
			targets = (
				42C73E882787F26A00272EBD /* PathBasedControl */,
			);
		};
/* End PBXProject section */

/* Begin PBXResourcesBuildPhase section */
		42C73E872787F26A00272EBD /* Resources */ = {
			isa = PBXResourcesBuildPhase;
			buildActionMask = 2147483647;
			files = (
				42C73EA42787F50100272EBD /* GameScene.sks in Resources */,
				42C73E992787F26B00272EBD /* LaunchScreen.storyboard in Resources */,
				42C73E962787F26B00272EBD /* Assets.xcassets in Resources */,
				42C73E942787F26A00272EBD /* Main.storyboard in Resources */,
			);
			runOnlyForDeploymentPostprocessing = 0;
		};
/* End PBXResourcesBuildPhase section */

/* Begin PBXSourcesBuildPhase section */
		42C73E852787F26A00272EBD /* Sources */ = {
			isa = PBXSourcesBuildPhase;
			buildActionMask = 2147483647;
			files = (
				42C73E912787F26A00272EBD /* ViewController.swift in Sources */,
				42C73E8D2787F26A00272EBD /* AppDelegate.swift in Sources */,
				42C73EA62787F51200272EBD /* GameScene.swift in Sources */,
				42C73E8F2787F26A00272EBD /* SceneDelegate.swift in Sources */,
			);
			runOnlyForDeploymentPostprocessing = 0;
		};
/* End PBXSourcesBuildPhase section */

/* Begin PBXVariantGroup section */
		42C73E922787F26A00272EBD /* Main.storyboard */ = {
			isa = PBXVariantGroup;
			children = (
				42C73E932787F26A00272EBD /* Base */,
			);
			name = Main.storyboard;
			sourceTree = "<group>";
		};
		42C73E972787F26B00272EBD /* LaunchScreen.storyboard */ = {
			isa = PBXVariantGroup;
			children = (
				42C73E982787F26B00272EBD /* Base */,
			);
			name = LaunchScreen.storyboard;
			sourceTree = "<group>";
		};
/* End PBXVariantGroup section */

/* Begin XCBuildConfiguration section */
		42C73E9B2787F26B00272EBD /* Debug */ = {
			isa = XCBuildConfiguration;
			buildSettings = {
				ALWAYS_SEARCH_USER_PATHS = NO;
				CLANG_ANALYZER_NONNULL = YES;
				CLANG_ANALYZER_NUMBER_OBJECT_CONVERSION = YES_AGGRESSIVE;
				CLANG_CXX_LANGUAGE_STANDARD = "gnu++17";
				CLANG_CXX_LIBRARY = "libc++";
				CLANG_ENABLE_MODULES = YES;
				CLANG_ENABLE_OBJC_ARC = YES;
				CLANG_ENABLE_OBJC_WEAK = YES;
				CLANG_WARN_BLOCK_CAPTURE_AUTORELEASING = YES;
				CLANG_WARN_BOOL_CONVERSION = YES;
				CLANG_WARN_COMMA = YES;
				CLANG_WARN_CONSTANT_CONVERSION = YES;
				CLANG_WARN_DEPRECATED_OBJC_IMPLEMENTATIONS = YES;
				CLANG_WARN_DIRECT_OBJC_ISA_USAGE = YES_ERROR;
				CLANG_WARN_DOCUMENTATION_COMMENTS = YES;
				CLANG_WARN_EMPTY_BODY = YES;
				CLANG_WARN_ENUM_CONVERSION = YES;
				CLANG_WARN_INFINITE_RECURSION = YES;
				CLANG_WARN_INT_CONVERSION = YES;
				CLANG_WARN_NON_LITERAL_NULL_CONVERSION = YES;
				CLANG_WARN_OBJC_IMPLICIT_RETAIN_SELF = YES;
				CLANG_WARN_OBJC_LITERAL_CONVERSION = YES;
				CLANG_WARN_OBJC_ROOT_CLASS = YES_ERROR;
				CLANG_WARN_QUOTED_INCLUDE_IN_FRAMEWORK_HEADER = YES;
				CLANG_WARN_RANGE_LOOP_ANALYSIS = YES;
				CLANG_WARN_STRICT_PROTOTYPES = YES;
				CLANG_WARN_SUSPICIOUS_MOVE = YES;
				CLANG_WARN_UNGUARDED_AVAILABILITY = YES_AGGRESSIVE;
				CLANG_WARN_UNREACHABLE_CODE = YES;
				CLANG_WARN__DUPLICATE_METHOD_MATCH = YES;
				COPY_PHASE_STRIP = NO;
				DEBUG_INFORMATION_FORMAT = dwarf;
				ENABLE_STRICT_OBJC_MSGSEND = YES;
				ENABLE_TESTABILITY = YES;
				GCC_C_LANGUAGE_STANDARD = gnu11;
				GCC_DYNAMIC_NO_PIC = NO;
				GCC_NO_COMMON_BLOCKS = YES;
				GCC_OPTIMIZATION_LEVEL = 0;
				GCC_PREPROCESSOR_DEFINITIONS = (
					"DEBUG=1",
					"$(inherited)",
				);
				GCC_WARN_64_TO_32_BIT_CONVERSION = YES;
				GCC_WARN_ABOUT_RETURN_TYPE = YES_ERROR;
				GCC_WARN_UNDECLARED_SELECTOR = YES;
				GCC_WARN_UNINITIALIZED_AUTOS = YES_AGGRESSIVE;
				GCC_WARN_UNUSED_FUNCTION = YES;
				GCC_WARN_UNUSED_VARIABLE = YES;
				IPHONEOS_DEPLOYMENT_TARGET = 15.2;
				MTL_ENABLE_DEBUG_INFO = INCLUDE_SOURCE;
				MTL_FAST_MATH = YES;
				ONLY_ACTIVE_ARCH = YES;
				SDKROOT = iphoneos;
				SWIFT_ACTIVE_COMPILATION_CONDITIONS = DEBUG;
				SWIFT_OPTIMIZATION_LEVEL = "-Onone";
			};
			name = Debug;
		};
		42C73E9C2787F26B00272EBD /* Release */ = {
			isa = XCBuildConfiguration;
			buildSettings = {
				ALWAYS_SEARCH_USER_PATHS = NO;
				CLANG_ANALYZER_NONNULL = YES;
				CLANG_ANALYZER_NUMBER_OBJECT_CONVERSION = YES_AGGRESSIVE;
				CLANG_CXX_LANGUAGE_STANDARD = "gnu++17";
				CLANG_CXX_LIBRARY = "libc++";
				CLANG_ENABLE_MODULES = YES;
				CLANG_ENABLE_OBJC_ARC = YES;
				CLANG_ENABLE_OBJC_WEAK = YES;
				CLANG_WARN_BLOCK_CAPTURE_AUTORELEASING = YES;
				CLANG_WARN_BOOL_CONVERSION = YES;
				CLANG_WARN_COMMA = YES;
				CLANG_WARN_CONSTANT_CONVERSION = YES;
				CLANG_WARN_DEPRECATED_OBJC_IMPLEMENTATIONS = YES;
				CLANG_WARN_DIRECT_OBJC_ISA_USAGE = YES_ERROR;
				CLANG_WARN_DOCUMENTATION_COMMENTS = YES;
				CLANG_WARN_EMPTY_BODY = YES;
				CLANG_WARN_ENUM_CONVERSION = YES;
				CLANG_WARN_INFINITE_RECURSION = YES;
				CLANG_WARN_INT_CONVERSION = YES;
				CLANG_WARN_NON_LITERAL_NULL_CONVERSION = YES;
				CLANG_WARN_OBJC_IMPLICIT_RETAIN_SELF = YES;
				CLANG_WARN_OBJC_LITERAL_CONVERSION = YES;
				CLANG_WARN_OBJC_ROOT_CLASS = YES_ERROR;
				CLANG_WARN_QUOTED_INCLUDE_IN_FRAMEWORK_HEADER = YES;
				CLANG_WARN_RANGE_LOOP_ANALYSIS = YES;
				CLANG_WARN_STRICT_PROTOTYPES = YES;
				CLANG_WARN_SUSPICIOUS_MOVE = YES;
				CLANG_WARN_UNGUARDED_AVAILABILITY = YES_AGGRESSIVE;
				CLANG_WARN_UNREACHABLE_CODE = YES;
				CLANG_WARN__DUPLICATE_METHOD_MATCH = YES;
				COPY_PHASE_STRIP = NO;
				DEBUG_INFORMATION_FORMAT = "dwarf-with-dsym";
				ENABLE_NS_ASSERTIONS = NO;
				ENABLE_STRICT_OBJC_MSGSEND = YES;
				GCC_C_LANGUAGE_STANDARD = gnu11;
				GCC_NO_COMMON_BLOCKS = YES;
				GCC_WARN_64_TO_32_BIT_CONVERSION = YES;
				GCC_WARN_ABOUT_RETURN_TYPE = YES_ERROR;
				GCC_WARN_UNDECLARED_SELECTOR = YES;
				GCC_WARN_UNINITIALIZED_AUTOS = YES_AGGRESSIVE;
				GCC_WARN_UNUSED_FUNCTION = YES;
				GCC_WARN_UNUSED_VARIABLE = YES;
				IPHONEOS_DEPLOYMENT_TARGET = 15.2;
				MTL_ENABLE_DEBUG_INFO = NO;
				MTL_FAST_MATH = YES;
				SDKROOT = iphoneos;
				SWIFT_COMPILATION_MODE = wholemodule;
				SWIFT_OPTIMIZATION_LEVEL = "-O";
				VALIDATE_PRODUCT = YES;
			};
			name = Release;
		};
		42C73E9E2787F26B00272EBD /* Debug */ = {
			isa = XCBuildConfiguration;
			buildSettings = {
				ASSETCATALOG_COMPILER_APPICON_NAME = AppIcon;
				ASSETCATALOG_COMPILER_GLOBAL_ACCENT_COLOR_NAME = AccentColor;
				CODE_SIGN_STYLE = Automatic;
				CURRENT_PROJECT_VERSION = 1;
				DEVELOPMENT_TEAM = DX4KVUBK56;
				GENERATE_INFOPLIST_FILE = YES;
				INFOPLIST_FILE = PathBasedControl/Info.plist;
				INFOPLIST_KEY_UIApplicationSupportsIndirectInputEvents = YES;
				INFOPLIST_KEY_UILaunchStoryboardName = LaunchScreen;
				INFOPLIST_KEY_UIMainStoryboardFile = Main;
				INFOPLIST_KEY_UISupportedInterfaceOrientations = "UIInterfaceOrientationLandscapeLeft UIInterfaceOrientationLandscapeRight";
				INFOPLIST_KEY_UISupportedInterfaceOrientations_iPad = "UIInterfaceOrientationPortrait UIInterfaceOrientationPortraitUpsideDown UIInterfaceOrientationLandscapeLeft UIInterfaceOrientationLandscapeRight";
				INFOPLIST_KEY_UISupportedInterfaceOrientations_iPhone = "UIInterfaceOrientationPortrait UIInterfaceOrientationLandscapeLeft UIInterfaceOrientationLandscapeRight";
				LD_RUNPATH_SEARCH_PATHS = (
					"$(inherited)",
					"@executable_path/Frameworks",
				);
				MARKETING_VERSION = 1.0;
				PRODUCT_BUNDLE_IDENTIFIER = com.gmail.KasRoid.PathBasedControl;
				PRODUCT_NAME = "$(TARGET_NAME)";
				SWIFT_EMIT_LOC_STRINGS = YES;
				SWIFT_VERSION = 5.0;
				TARGETED_DEVICE_FAMILY = "1,2";
			};
			name = Debug;
		};
		42C73E9F2787F26B00272EBD /* Release */ = {
			isa = XCBuildConfiguration;
			buildSettings = {
				ASSETCATALOG_COMPILER_APPICON_NAME = AppIcon;
				ASSETCATALOG_COMPILER_GLOBAL_ACCENT_COLOR_NAME = AccentColor;
				CODE_SIGN_STYLE = Automatic;
				CURRENT_PROJECT_VERSION = 1;
				DEVELOPMENT_TEAM = DX4KVUBK56;
				GENERATE_INFOPLIST_FILE = YES;
				INFOPLIST_FILE = PathBasedControl/Info.plist;
				INFOPLIST_KEY_UIApplicationSupportsIndirectInputEvents = YES;
				INFOPLIST_KEY_UILaunchStoryboardName = LaunchScreen;
				INFOPLIST_KEY_UIMainStoryboardFile = Main;
				INFOPLIST_KEY_UISupportedInterfaceOrientations = "UIInterfaceOrientationLandscapeLeft UIInterfaceOrientationLandscapeRight";
				INFOPLIST_KEY_UISupportedInterfaceOrientations_iPad = "UIInterfaceOrientationPortrait UIInterfaceOrientationPortraitUpsideDown UIInterfaceOrientationLandscapeLeft UIInterfaceOrientationLandscapeRight";
				INFOPLIST_KEY_UISupportedInterfaceOrientations_iPhone = "UIInterfaceOrientationPortrait UIInterfaceOrientationLandscapeLeft UIInterfaceOrientationLandscapeRight";
				LD_RUNPATH_SEARCH_PATHS = (
					"$(inherited)",
					"@executable_path/Frameworks",
				);
				MARKETING_VERSION = 1.0;
				PRODUCT_BUNDLE_IDENTIFIER = com.gmail.KasRoid.PathBasedControl;
				PRODUCT_NAME = "$(TARGET_NAME)";
				SWIFT_EMIT_LOC_STRINGS = YES;
				SWIFT_VERSION = 5.0;
				TARGETED_DEVICE_FAMILY = "1,2";
			};
			name = Release;
		};
/* End XCBuildConfiguration section */

/* Begin XCConfigurationList section */
		42C73E842787F26A00272EBD /* Build configuration list for PBXProject "PathBasedControl" */ = {
			isa = XCConfigurationList;
			buildConfigurations = (
				42C73E9B2787F26B00272EBD /* Debug */,
				42C73E9C2787F26B00272EBD /* Release */,
			);
			defaultConfigurationIsVisible = 0;
			defaultConfigurationName = Release;
		};
		42C73E9D2787F26B00272EBD /* Build configuration list for PBXNativeTarget "PathBasedControl" */ = {
			isa = XCConfigurationList;
			buildConfigurations = (
				42C73E9E2787F26B00272EBD /* Debug */,
				42C73E9F2787F26B00272EBD /* Release */,
			);
			defaultConfigurationIsVisible = 0;
			defaultConfigurationName = Release;
		};
/* End XCConfigurationList section */
	};
	rootObject = 42C73E812787F26A00272EBD /* Project object */;
}
